<?xml version="1.0" encoding="utf-8"?>
<Project ToolsVersion="4.0" xmlns="http://schemas.microsoft.com/developer/msbuild/2003">
  <ItemGroup>
    <Filter Include="DDE">
      <UniqueIdentifier>{32DD870B-9EE6-877C-2762-9E7C936A937C}</UniqueIdentifier>
    </Filter>
    <Filter Include="DDE\Events">
      <UniqueIdentifier>{D67CBEB2-C234-0000-2B3C-D95B17139BF0}</UniqueIdentifier>
    </Filter>
  </ItemGroup>
  <ItemGroup>
    <ClInclude Include="src\DDE\Application.h">
      <Filter>DDE</Filter>
    </ClInclude>
    <ClInclude Include="src\DDE\Core.h">
      <Filter>DDE</Filter>
    </ClInclude>
    <ClInclude Include="src\DDE\Events\Event.h">
      <Filter>DDE\Events</Filter>
    </ClInclude>
    <ClInclude Include="src\DDE\entryPoint.h">
      <Filter>DDE</Filter>
    </ClInclude>
    <ClInclude Include="src\DDE\log.h">
      <Filter>DDE</Filter>
    </ClInclude>
    <ClInclude Include="src\dde.h" />
  </ItemGroup>
  <ItemGroup>
    <ClCompile Include="src\DDE\Application.cpp">
      <Filter>DDE</Filter>
    </ClCompile>
    <ClCompile Include="src\DDE\log.cpp">
      <Filter>DDE</Filter>
    </ClCompile>
  </ItemGroup>
</Project>